
Microsoft Visual Studio Solution File, Format Version 12.00
# Visual Studio Version 17
VisualStudioVersion = 17.5.33502.453
MinimumVisualStudioVersion = 10.0.40219.1
Project("{FAE04EC0-301F-11D3-BF4B-00C04F79EFBC}") = "Clase 4 - Actividad 4 (clase3)", "Clase 4 - Actividad 4 (clase3)\Clase 4 - Actividad 4 (clase3).csproj", "{13F6DCFF-DB39-413D-A656-B2D57A6B84E7}"
EndProject
Global
	GlobalSection(SolutionConfigurationPlatforms) = preSolution
		Debug|Any CPU = Debug|Any CPU
		Release|Any CPU = Release|Any CPU
	EndGlobalSection
	GlobalSection(ProjectConfigurationPlatforms) = postSolution
		{13F6DCFF-DB39-413D-A656-B2D57A6B84E7}.Debug|Any CPU.ActiveCfg = Debug|Any CPU
		{13F6DCFF-DB39-413D-A656-B2D57A6B84E7}.Debug|Any CPU.Build.0 = Debug|Any CPU
		{13F6DCFF-DB39-413D-A656-B2D57A6B84E7}.Release|Any CPU.ActiveCfg = Release|Any CPU
		{13F6DCFF-DB39-413D-A656-B2D57A6B84E7}.Release|Any CPU.Build.0 = Release|Any CPU
	EndGlobalSection
	GlobalSection(SolutionProperties) = preSolution
		HideSolutionNode = FALSE
	EndGlobalSection
	GlobalSection(ExtensibilityGlobals) = postSolution
		SolutionGuid = {D4128E8F-B1D7-4A22-8491-B7DEE32B7341}
	EndGlobalSection
EndGlobal
